{
  "name": "dangoco",
  "version": "0.3.1",
  "lockfileVersion": 1,
  "requires": true,
  "dependencies": {
    "byte-size": {
      "version": "4.0.2",
      "resolved": "https://registry.npmjs.org/byte-size/-/byte-size-4.0.2.tgz",
      "integrity": "sha512-UGCQ0L1CO27M/9DOjS9ygrXz7CwHc3uVbNc1xbOGVL8RQO/8rJYCZclylAMcq4jQ0laO1izyomNZe1MFZsatlw=="
    },
    "commander": {
      "version": "2.11.0",
      "resolved": "https://registry.npmjs.org/commander/-/commander-2.11.0.tgz",
      "integrity": "sha512-b0553uYA5YAEGgyYIGYROzKQ7X5RAqedkfjiZxwi0kL1g3bOaBNNZfYkzt/CL0umgD5wc9Jec2FbB98CjkMRvQ=="
    },
    "end-of-stream": {
      "version": "1.4.1",
      "resolved": "https://registry.npmjs.org/end-of-stream/-/end-of-stream-1.4.1.tgz",
      "integrity": "sha512-1MkrZNvWTKCaigbn+W15elq2BB/L22nqrSY5DKlo3X6+vclJm8Bb5djXJBmEX6fS3+zCh/F4VBK5Z2KxJt4s2Q==",
      "requires": {
        "once": "1.4.0"
      }
    },
    "ip": {
      "version": "1.1.5",
      "resolved": "https://registry.npmjs.org/ip/-/ip-1.1.5.tgz",
      "integrity": "sha1-vd7XARQpCCjAoDnnLvJfWq7ENUo="
    },
    "once": {
      "version": "1.4.0",
      "resolved": "https://registry.npmjs.org/once/-/once-1.4.0.tgz",
      "integrity": "sha1-WDsap3WWHUsROsF9nFC6753Xa9E=",
      "requires": {
        "wrappy": "1.0.2"
      }
    },
    "pump": {
      "version": "3.0.0",
      "resolved": "https://registry.npmjs.org/pump/-/pump-3.0.0.tgz",
      "integrity": "sha512-LwZy+p3SFs1Pytd/jYct4wpv49HiYCqd9Rlc5ZVdk0V+8Yzv6jR5Blk3TRmPL1ft69TxP0IMZGJ+WPFU2BFhww==",
      "requires": {
        "end-of-stream": "1.4.1",
        "once": "1.4.0"
      }
    },
    "socks5server": {
      "version": "4.0.5",
      "resolved": "https://registry.npmjs.org/socks5server/-/socks5server-4.0.5.tgz",
      "integrity": "sha512-OI4qvTMqWq1gchgKTdrWGAiIGwbK5ii9IElSjty4pKSlZ0xASoCVlmI0Ck6b2iRyZ0oSD56lf5F1afwrTalLPg==",
      "requires": {
        "commander": "2.14.0",
        "ip": "1.1.5"
      },
      "dependencies": {
        "commander": {
          "version": "2.14.0",
          "resolved": "https://registry.npmjs.org/commander/-/commander-2.14.0.tgz",
          "integrity": "sha512-okPpdvdJr6mUGi2XzupC+irQxzwGLVaBzacFC14hjLv8NColXEsxsU+QaeuSSXpQUak5g2K0vQ7WjA1e8svczg=="
        }
      }
    },
    "wrappy": {
      "version": "1.0.2",
      "resolved": "https://registry.npmjs.org/wrappy/-/wrappy-1.0.2.tgz",
      "integrity": "sha1-tSQ9jz7BqjXxNkYFvA0QNuMKtp8="
    },
    "ws-stream-tunnel": {
      "version": "file:../ws-stream-tunnel",
      "requires": {
        "bufferutil": "3.0.3",
        "utf-8-validate": "4.0.0",
        "ws": "4.0.0"
      },
      "dependencies": {
        "ansi-regex": {
          "version": "2.1.1",
          "bundled": true
        },
        "aproba": {
          "version": "1.2.0",
          "bundled": true
        },
        "are-we-there-yet": {
          "version": "1.1.4",
          "bundled": true,
          "requires": {
            "delegates": "1.0.0",
            "readable-stream": "2.3.3"
          }
        },
        "async-limiter": {
          "version": "1.0.0",
          "bundled": true
        },
        "bindings": {
          "version": "1.3.0",
          "bundled": true
        },
        "bl": {
          "version": "1.2.1",
          "bundled": true,
          "requires": {
            "readable-stream": "2.3.3"
          }
        },
        "bufferutil": {
          "version": "3.0.3",
          "bundled": true,
          "requires": {
            "bindings": "1.3.0",
            "nan": "2.7.0",
            "prebuild-install": "2.3.0"
          }
        },
        "byte-size": {
          "version": "4.0.2",
          "bundled": true
        },
        "chownr": {
          "version": "1.0.1",
          "bundled": true
        },
        "code-point-at": {
          "version": "1.1.0",
          "bundled": true
        },
        "console-control-strings": {
          "version": "1.1.0",
          "bundled": true
        },
        "core-util-is": {
          "version": "1.0.2",
          "bundled": true
        },
        "deep-extend": {
          "version": "0.4.2",
          "bundled": true
        },
        "delegates": {
          "version": "1.0.0",
          "bundled": true
        },
        "end-of-stream": {
          "version": "1.4.1",
          "bundled": true,
          "requires": {
            "once": "1.4.0"
          }
        },
        "expand-template": {
          "version": "1.1.0",
          "bundled": true
        },
        "gauge": {
          "version": "2.7.4",
          "bundled": true,
          "requires": {
            "aproba": "1.2.0",
            "console-control-strings": "1.1.0",
            "has-unicode": "2.0.1",
            "object-assign": "4.1.1",
            "signal-exit": "3.0.2",
            "string-width": "1.0.2",
            "strip-ansi": "3.0.1",
            "wide-align": "1.1.2"
          }
        },
        "github-from-package": {
          "version": "0.0.0",
          "bundled": true
        },
        "has-unicode": {
          "version": "2.0.1",
          "bundled": true
        },
        "inherits": {
          "version": "2.0.3",
          "bundled": true
        },
        "ini": {
          "version": "1.3.5",
          "bundled": true
        },
        "is-fullwidth-code-point": {
          "version": "1.0.0",
          "bundled": true,
          "requires": {
            "number-is-nan": "1.0.1"
          }
        },
        "isarray": {
          "version": "1.0.0",
          "bundled": true
        },
        "minimist": {
          "version": "1.2.0",
          "bundled": true
        },
        "mkdirp": {
          "version": "0.5.1",
          "bundled": true,
          "requires": {
            "minimist": "0.0.8"
          },
          "dependencies": {
            "minimist": {
              "version": "0.0.8",
              "bundled": true
            }
          }
        },
        "nan": {
          "version": "2.7.0",
          "bundled": true
        },
        "node-abi": {
          "version": "2.2.0",
          "bundled": true,
          "requires": {
            "semver": "5.5.0"
          }
        },
        "noop-logger": {
          "version": "0.1.1",
          "bundled": true
        },
        "npmlog": {
          "version": "4.1.2",
          "bundled": true,
          "requires": {
            "are-we-there-yet": "1.1.4",
            "console-control-strings": "1.1.0",
            "gauge": "2.7.4",
            "set-blocking": "2.0.0"
          }
        },
        "number-is-nan": {
          "version": "1.0.1",
          "bundled": true
        },
        "object-assign": {
          "version": "4.1.1",
          "bundled": true
        },
        "once": {
          "version": "1.4.0",
          "bundled": true,
          "requires": {
            "wrappy": "1.0.2"
          }
        },
        "os-homedir": {
          "version": "1.0.2",
          "bundled": true
        },
        "prebuild-install": {
          "version": "2.3.0",
          "bundled": true,
          "requires": {
            "expand-template": "1.1.0",
            "github-from-package": "0.0.0",
            "minimist": "1.2.0",
            "mkdirp": "0.5.1",
            "node-abi": "2.2.0",
            "noop-logger": "0.1.1",
            "npmlog": "4.1.2",
            "os-homedir": "1.0.2",
            "pump": "1.0.3",
            "rc": "1.2.5",
            "simple-get": "1.4.3",
            "tar-fs": "1.16.0",
            "tunnel-agent": "0.6.0",
            "xtend": "4.0.1"
          }
        },
        "process-nextick-args": {
          "version": "1.0.7",
          "bundled": true
        },
        "pump": {
          "version": "1.0.3",
          "bundled": true,
          "requires": {
            "end-of-stream": "1.4.1",
            "once": "1.4.0"
          }
        },
        "rc": {
          "version": "1.2.5",
          "bundled": true,
          "requires": {
            "deep-extend": "0.4.2",
            "ini": "1.3.5",
            "minimist": "1.2.0",
            "strip-json-comments": "2.0.1"
          }
        },
        "readable-stream": {
          "version": "2.3.3",
          "bundled": true,
          "requires": {
            "core-util-is": "1.0.2",
            "inherits": "2.0.3",
            "isarray": "1.0.0",
            "process-nextick-args": "1.0.7",
            "safe-buffer": "5.1.1",
            "string_decoder": "1.0.3",
            "util-deprecate": "1.0.2"
          }
        },
        "safe-buffer": {
          "version": "5.1.1",
          "bundled": true
        },
        "semver": {
          "version": "5.5.0",
          "bundled": true
        },
        "set-blocking": {
          "version": "2.0.0",
          "bundled": true
        },
        "signal-exit": {
          "version": "3.0.2",
          "bundled": true
        },
        "simple-get": {
          "version": "1.4.3",
          "bundled": true,
          "requires": {
            "once": "1.4.0",
            "unzip-response": "1.0.2",
            "xtend": "4.0.1"
          }
        },
        "string-width": {
          "version": "1.0.2",
          "bundled": true,
          "requires": {
            "code-point-at": "1.1.0",
            "is-fullwidth-code-point": "1.0.0",
            "strip-ansi": "3.0.1"
          }
        },
        "string_decoder": {
          "version": "1.0.3",
          "bundled": true,
          "requires": {
            "safe-buffer": "5.1.1"
          }
        },
        "strip-ansi": {
          "version": "3.0.1",
          "bundled": true,
          "requires": {
            "ansi-regex": "2.1.1"
          }
        },
        "strip-json-comments": {
          "version": "2.0.1",
          "bundled": true
        },
        "tar-fs": {
          "version": "1.16.0",
          "bundled": true,
          "requires": {
            "chownr": "1.0.1",
            "mkdirp": "0.5.1",
            "pump": "1.0.3",
            "tar-stream": "1.5.5"
          }
        },
        "tar-stream": {
          "version": "1.5.5",
          "bundled": true,
          "requires": {
            "bl": "1.2.1",
            "end-of-stream": "1.4.1",
            "readable-stream": "2.3.3",
            "xtend": "4.0.1"
          }
        },
        "tunnel-agent": {
          "version": "0.6.0",
          "bundled": true,
          "requires": {
            "safe-buffer": "5.1.1"
          }
        },
        "ultron": {
          "version": "1.1.1",
          "bundled": true
        },
        "unzip-response": {
          "version": "1.0.2",
          "bundled": true
        },
        "utf-8-validate": {
          "version": "4.0.0",
          "bundled": true,
          "requires": {
            "bindings": "1.3.0",
            "nan": "2.8.0",
            "prebuild-install": "2.3.0"
          },
          "dependencies": {
            "nan": {
              "version": "2.8.0",
              "bundled": true
            }
          }
        },
        "util-deprecate": {
          "version": "1.0.2",
          "bundled": true
        },
        "wide-align": {
          "version": "1.1.2",
          "bundled": true,
          "requires": {
            "string-width": "1.0.2"
          }
        },
        "wrappy": {
          "version": "1.0.2",
          "bundled": true
        },
        "ws": {
          "version": "4.0.0",
          "bundled": true,
          "requires": {
            "async-limiter": "1.0.0",
            "safe-buffer": "5.1.1",
            "ultron": "1.1.1"
          }
        },
        "xtend": {
          "version": "4.0.1",
          "bundled": true
        }
      }
    }
  }
}
